
Microsoft Visual Studio Solution File, Format Version 12.00
# Visual Studio Version 17
VisualStudioVersion = 17.10.35027.167
MinimumVisualStudioVersion = 10.0.40219.1
Project("{FAE04EC0-301F-11D3-BF4B-00C04F79EFBC}") = "CheapSkinss", "CheapSkinss\CheapSkinss.csproj", "{18A291D4-7043-4194-ABE7-47B72E9C4EB0}"
EndProject
Global
	GlobalSection(SolutionConfigurationPlatforms) = preSolution
		Debug|Any CPU = Debug|Any CPU
		Release|Any CPU = Release|Any CPU
	EndGlobalSection
	GlobalSection(ProjectConfigurationPlatforms) = postSolution
		{18A291D4-7043-4194-ABE7-47B72E9C4EB0}.Debug|Any CPU.ActiveCfg = Debug|Any CPU
		{18A291D4-7043-4194-ABE7-47B72E9C4EB0}.Debug|Any CPU.Build.0 = Debug|Any CPU
		{18A291D4-7043-4194-ABE7-47B72E9C4EB0}.Release|Any CPU.ActiveCfg = Release|Any CPU
		{18A291D4-7043-4194-ABE7-47B72E9C4EB0}.Release|Any CPU.Build.0 = Release|Any CPU
	EndGlobalSection
	GlobalSection(SolutionProperties) = preSolution
		HideSolutionNode = FALSE
	EndGlobalSection
	GlobalSection(ExtensibilityGlobals) = postSolution
		SolutionGuid = {17914AF5-A417-4BA7-8097-952C524AD0BC}
	EndGlobalSection
EndGlobal
